// !$*UTF8*$!
{
	archiveVersion = 1;
	classes = {
	};
	objectVersion = 46;
	objects = {

/* Begin PBXBuildFile section */
		3AB80C7B1F2CF2E300F54F98 /* AppDelegate.swift in Sources */ = {isa = PBXBuildFile; fileRef = 3AB80C7A1F2CF2E300F54F98 /* AppDelegate.swift */; };
		3AB80C7D1F2CF2E300F54F98 /* ViewController.swift in Sources */ = {isa = PBXBuildFile; fileRef = 3AB80C7C1F2CF2E300F54F98 /* ViewController.swift */; };
		3AB80C801F2CF2E300F54F98 /* Main.storyboard in Resources */ = {isa = PBXBuildFile; fileRef = 3AB80C7E1F2CF2E300F54F98 /* Main.storyboard */; };
		3AB80C851F2CF2E300F54F98 /* Assets.xcassets in Resources */ = {isa = PBXBuildFile; fileRef = 3AB80C841F2CF2E300F54F98 /* Assets.xcassets */; };
		3AB80C881F2CF2E300F54F98 /* LaunchScreen.storyboard in Resources */ = {isa = PBXBuildFile; fileRef = 3AB80C861F2CF2E300F54F98 /* LaunchScreen.storyboard */; };
		3AB80C901F2CF70800F54F98 /* TableAnimatorController.swift in Sources */ = {isa = PBXBuildFile; fileRef = 3AB80C8F1F2CF70800F54F98 /* TableAnimatorController.swift */; };
		3AB80C921F2CFD1500F54F98 /* CirculerProgressView.swift in Sources */ = {isa = PBXBuildFile; fileRef = 3AB80C911F2CFD1400F54F98 /* CirculerProgressView.swift */; };
		3AB80C951F2CFD9900F54F98 /* ProgressCell.swift in Sources */ = {isa = PBXBuildFile; fileRef = 3AB80C931F2CFD9900F54F98 /* ProgressCell.swift */; };
		3AB80C961F2CFD9900F54F98 /* ProgressCell.xib in Resources */ = {isa = PBXBuildFile; fileRef = 3AB80C941F2CFD9900F54F98 /* ProgressCell.xib */; };
		3AB80C991F2D078A00F54F98 /* CellTimerDataBucket.swift in Sources */ = {isa = PBXBuildFile; fileRef = 3AB80C981F2D078A00F54F98 /* CellTimerDataBucket.swift */; };
		3AB80C9B1F2D18A800F54F98 /* Q2Constants.swift in Sources */ = {isa = PBXBuildFile; fileRef = 3AB80C9A1F2D18A800F54F98 /* Q2Constants.swift */; };
		3AB80C9D1F2D868500F54F98 /* NewsViewController.swift in Sources */ = {isa = PBXBuildFile; fileRef = 3AB80C9C1F2D868500F54F98 /* NewsViewController.swift */; };
		3AB80CA71F2D8C9100F54F98 /* Author.swift in Sources */ = {isa = PBXBuildFile; fileRef = 3AB80CA01F2D8C9100F54F98 /* Author.swift */; };
		3AB80CA81F2D8C9100F54F98 /* BaseModel.swift in Sources */ = {isa = PBXBuildFile; fileRef = 3AB80CA11F2D8C9100F54F98 /* BaseModel.swift */; };
		3AB80CA91F2D8C9100F54F98 /* HighlightResult.swift in Sources */ = {isa = PBXBuildFile; fileRef = 3AB80CA21F2D8C9100F54F98 /* HighlightResult.swift */; };
		3AB80CAA1F2D8C9100F54F98 /* Hits.swift in Sources */ = {isa = PBXBuildFile; fileRef = 3AB80CA31F2D8C9100F54F98 /* Hits.swift */; };
		3AB80CAB1F2D8C9100F54F98 /* StoryText.swift in Sources */ = {isa = PBXBuildFile; fileRef = 3AB80CA41F2D8C9100F54F98 /* StoryText.swift */; };
		3AB80CAC1F2D8C9100F54F98 /* Title.swift in Sources */ = {isa = PBXBuildFile; fileRef = 3AB80CA51F2D8C9100F54F98 /* Title.swift */; };
		3AB80CAD1F2D8C9100F54F98 /* Url.swift in Sources */ = {isa = PBXBuildFile; fileRef = 3AB80CA61F2D8C9100F54F98 /* Url.swift */; };
		3AB80CAF1F2D8D8100F54F98 /* LoadingHood.swift in Sources */ = {isa = PBXBuildFile; fileRef = 3AB80CAE1F2D8D8100F54F98 /* LoadingHood.swift */; };
		3AB80CB11F2D8F0100F54F98 /* Constants.swift in Sources */ = {isa = PBXBuildFile; fileRef = 3AB80CB01F2D8F0100F54F98 /* Constants.swift */; };
		3AB80CB41F2D94D900F54F98 /* NewsViewCell.swift in Sources */ = {isa = PBXBuildFile; fileRef = 3AB80CB21F2D94D900F54F98 /* NewsViewCell.swift */; };
		3AB80CB51F2D94D900F54F98 /* NewsViewCell.xib in Resources */ = {isa = PBXBuildFile; fileRef = 3AB80CB31F2D94D900F54F98 /* NewsViewCell.xib */; };
		3F84D83FD31C32EF2562509A /* Pods_Test.framework in Frameworks */ = {isa = PBXBuildFile; fileRef = 9D06BE8C270F7480262438BE /* Pods_Test.framework */; };
/* End PBXBuildFile section */

/* Begin PBXFileReference section */
		3AB80C771F2CF2E300F54F98 /* Test.app */ = {isa = PBXFileReference; explicitFileType = wrapper.application; includeInIndex = 0; path = Test.app; sourceTree = BUILT_PRODUCTS_DIR; };
		3AB80C7A1F2CF2E300F54F98 /* AppDelegate.swift */ = {isa = PBXFileReference; lastKnownFileType = sourcecode.swift; path = AppDelegate.swift; sourceTree = "<group>"; };
		3AB80C7C1F2CF2E300F54F98 /* ViewController.swift */ = {isa = PBXFileReference; lastKnownFileType = sourcecode.swift; path = ViewController.swift; sourceTree = "<group>"; };
		3AB80C7F1F2CF2E300F54F98 /* Base */ = {isa = PBXFileReference; lastKnownFileType = file.storyboard; name = Base; path = Base.lproj/Main.storyboard; sourceTree = "<group>"; };
		3AB80C841F2CF2E300F54F98 /* Assets.xcassets */ = {isa = PBXFileReference; lastKnownFileType = folder.assetcatalog; path = Assets.xcassets; sourceTree = "<group>"; };
		3AB80C871F2CF2E300F54F98 /* Base */ = {isa = PBXFileReference; lastKnownFileType = file.storyboard; name = Base; path = Base.lproj/LaunchScreen.storyboard; sourceTree = "<group>"; };
		3AB80C891F2CF2E300F54F98 /* Info.plist */ = {isa = PBXFileReference; lastKnownFileType = text.plist.xml; path = Info.plist; sourceTree = "<group>"; };
		3AB80C8F1F2CF70800F54F98 /* TableAnimatorController.swift */ = {isa = PBXFileReference; fileEncoding = 4; lastKnownFileType = sourcecode.swift; path = TableAnimatorController.swift; sourceTree = "<group>"; };
		3AB80C911F2CFD1400F54F98 /* CirculerProgressView.swift */ = {isa = PBXFileReference; fileEncoding = 4; lastKnownFileType = sourcecode.swift; path = CirculerProgressView.swift; sourceTree = "<group>"; };
		3AB80C931F2CFD9900F54F98 /* ProgressCell.swift */ = {isa = PBXFileReference; fileEncoding = 4; lastKnownFileType = sourcecode.swift; path = ProgressCell.swift; sourceTree = "<group>"; };
		3AB80C941F2CFD9900F54F98 /* ProgressCell.xib */ = {isa = PBXFileReference; fileEncoding = 4; lastKnownFileType = file.xib; path = ProgressCell.xib; sourceTree = "<group>"; };
		3AB80C981F2D078A00F54F98 /* CellTimerDataBucket.swift */ = {isa = PBXFileReference; fileEncoding = 4; lastKnownFileType = sourcecode.swift; path = CellTimerDataBucket.swift; sourceTree = "<group>"; };
		3AB80C9A1F2D18A800F54F98 /* Q2Constants.swift */ = {isa = PBXFileReference; fileEncoding = 4; lastKnownFileType = sourcecode.swift; path = Q2Constants.swift; sourceTree = "<group>"; };
		3AB80C9C1F2D868500F54F98 /* NewsViewController.swift */ = {isa = PBXFileReference; fileEncoding = 4; lastKnownFileType = sourcecode.swift; path = NewsViewController.swift; sourceTree = "<group>"; };
		3AB80CA01F2D8C9100F54F98 /* Author.swift */ = {isa = PBXFileReference; fileEncoding = 4; lastKnownFileType = sourcecode.swift; path = Author.swift; sourceTree = "<group>"; };
		3AB80CA11F2D8C9100F54F98 /* BaseModel.swift */ = {isa = PBXFileReference; fileEncoding = 4; lastKnownFileType = sourcecode.swift; path = BaseModel.swift; sourceTree = "<group>"; };
		3AB80CA21F2D8C9100F54F98 /* HighlightResult.swift */ = {isa = PBXFileReference; fileEncoding = 4; lastKnownFileType = sourcecode.swift; path = HighlightResult.swift; sourceTree = "<group>"; };
		3AB80CA31F2D8C9100F54F98 /* Hits.swift */ = {isa = PBXFileReference; fileEncoding = 4; lastKnownFileType = sourcecode.swift; path = Hits.swift; sourceTree = "<group>"; };
		3AB80CA41F2D8C9100F54F98 /* StoryText.swift */ = {isa = PBXFileReference; fileEncoding = 4; lastKnownFileType = sourcecode.swift; path = StoryText.swift; sourceTree = "<group>"; };
		3AB80CA51F2D8C9100F54F98 /* Title.swift */ = {isa = PBXFileReference; fileEncoding = 4; lastKnownFileType = sourcecode.swift; path = Title.swift; sourceTree = "<group>"; };
		3AB80CA61F2D8C9100F54F98 /* Url.swift */ = {isa = PBXFileReference; fileEncoding = 4; lastKnownFileType = sourcecode.swift; path = Url.swift; sourceTree = "<group>"; };
		3AB80CAE1F2D8D8100F54F98 /* LoadingHood.swift */ = {isa = PBXFileReference; fileEncoding = 4; lastKnownFileType = sourcecode.swift; path = LoadingHood.swift; sourceTree = "<group>"; };
		3AB80CB01F2D8F0100F54F98 /* Constants.swift */ = {isa = PBXFileReference; fileEncoding = 4; lastKnownFileType = sourcecode.swift; path = Constants.swift; sourceTree = "<group>"; };
		3AB80CB21F2D94D900F54F98 /* NewsViewCell.swift */ = {isa = PBXFileReference; fileEncoding = 4; lastKnownFileType = sourcecode.swift; path = NewsViewCell.swift; sourceTree = "<group>"; };
		3AB80CB31F2D94D900F54F98 /* NewsViewCell.xib */ = {isa = PBXFileReference; fileEncoding = 4; lastKnownFileType = file.xib; path = NewsViewCell.xib; sourceTree = "<group>"; };
		3FF117D8A660CB3B626CD61A /* Pods-Test.debug.xcconfig */ = {isa = PBXFileReference; includeInIndex = 1; lastKnownFileType = text.xcconfig; name = "Pods-Test.debug.xcconfig"; path = "Pods/Target Support Files/Pods-Test/Pods-Test.debug.xcconfig"; sourceTree = "<group>"; };
		9D06BE8C270F7480262438BE /* Pods_Test.framework */ = {isa = PBXFileReference; explicitFileType = wrapper.framework; includeInIndex = 0; path = Pods_Test.framework; sourceTree = BUILT_PRODUCTS_DIR; };
		FA715B7013E33CD87651A0E6 /* Pods-Test.release.xcconfig */ = {isa = PBXFileReference; includeInIndex = 1; lastKnownFileType = text.xcconfig; name = "Pods-Test.release.xcconfig"; path = "Pods/Target Support Files/Pods-Test/Pods-Test.release.xcconfig"; sourceTree = "<group>"; };
/* End PBXFileReference section */

/* Begin PBXFrameworksBuildPhase section */
		3AB80C741F2CF2E300F54F98 /* Frameworks */ = {
			isa = PBXFrameworksBuildPhase;
			buildActionMask = 2147483647;
			files = (
				3F84D83FD31C32EF2562509A /* Pods_Test.framework in Frameworks */,
			);
			runOnlyForDeploymentPostprocessing = 0;
		};
/* End PBXFrameworksBuildPhase section */

/* Begin PBXGroup section */
		3AB80C6E1F2CF2E300F54F98 = {
			isa = PBXGroup;
			children = (
				3AB80C791F2CF2E300F54F98 /* Test */,
				3AB80C781F2CF2E300F54F98 /* Products */,
				97F278B7169CEB27A1B0C564 /* Pods */,
				D8D289A545E9CBC104EDD3D0 /* Frameworks */,
			);
			sourceTree = "<group>";
		};
		3AB80C781F2CF2E300F54F98 /* Products */ = {
			isa = PBXGroup;
			children = (
				3AB80C771F2CF2E300F54F98 /* Test.app */,
			);
			name = Products;
			sourceTree = "<group>";
		};
		3AB80C791F2CF2E300F54F98 /* Test */ = {
			isa = PBXGroup;
			children = (
				3AB80C7A1F2CF2E300F54F98 /* AppDelegate.swift */,
				3AB80C7C1F2CF2E300F54F98 /* ViewController.swift */,
				3AB80C9E1F2D8C6F00F54F98 /* Question1 */,
				3AB80C971F2D072200F54F98 /* Question2 */,
				3AB80C7E1F2CF2E300F54F98 /* Main.storyboard */,
				3AB80C841F2CF2E300F54F98 /* Assets.xcassets */,
				3AB80C861F2CF2E300F54F98 /* LaunchScreen.storyboard */,
				3AB80C891F2CF2E300F54F98 /* Info.plist */,
			);
			path = Test;
			sourceTree = "<group>";
		};
		3AB80C971F2D072200F54F98 /* Question2 */ = {
			isa = PBXGroup;
			children = (
				3AB80C8F1F2CF70800F54F98 /* TableAnimatorController.swift */,
				3AB80C931F2CFD9900F54F98 /* ProgressCell.swift */,
				3AB80C941F2CFD9900F54F98 /* ProgressCell.xib */,
				3AB80C911F2CFD1400F54F98 /* CirculerProgressView.swift */,
				3AB80C981F2D078A00F54F98 /* CellTimerDataBucket.swift */,
				3AB80C9A1F2D18A800F54F98 /* Q2Constants.swift */,
			);
			name = Question2;
			sourceTree = "<group>";
		};
		3AB80C9E1F2D8C6F00F54F98 /* Question1 */ = {
			isa = PBXGroup;
			children = (
				3AB80C9F1F2D8C7F00F54F98 /* Models */,
				3AB80C9C1F2D868500F54F98 /* NewsViewController.swift */,
				3AB80CAE1F2D8D8100F54F98 /* LoadingHood.swift */,
				3AB80CB01F2D8F0100F54F98 /* Constants.swift */,
				3AB80CB21F2D94D900F54F98 /* NewsViewCell.swift */,
				3AB80CB31F2D94D900F54F98 /* NewsViewCell.xib */,
			);
			name = Question1;
			sourceTree = "<group>";
		};
		3AB80C9F1F2D8C7F00F54F98 /* Models */ = {
			isa = PBXGroup;
			children = (
				3AB80CA01F2D8C9100F54F98 /* Author.swift */,
				3AB80CA11F2D8C9100F54F98 /* BaseModel.swift */,
				3AB80CA21F2D8C9100F54F98 /* HighlightResult.swift */,
				3AB80CA31F2D8C9100F54F98 /* Hits.swift */,
				3AB80CA41F2D8C9100F54F98 /* StoryText.swift */,
				3AB80CA51F2D8C9100F54F98 /* Title.swift */,
				3AB80CA61F2D8C9100F54F98 /* Url.swift */,
			);
			name = Models;
			sourceTree = "<group>";
		};
		97F278B7169CEB27A1B0C564 /* Pods */ = {
			isa = PBXGroup;
			children = (
				3FF117D8A660CB3B626CD61A /* Pods-Test.debug.xcconfig */,
				FA715B7013E33CD87651A0E6 /* Pods-Test.release.xcconfig */,
			);
			name = Pods;
			sourceTree = "<group>";
		};
		D8D289A545E9CBC104EDD3D0 /* Frameworks */ = {
			isa = PBXGroup;
			children = (
				9D06BE8C270F7480262438BE /* Pods_Test.framework */,
			);
			name = Frameworks;
			sourceTree = "<group>";
		};
/* End PBXGroup section */

/* Begin PBXNativeTarget section */
		3AB80C761F2CF2E300F54F98 /* Test */ = {
			isa = PBXNativeTarget;
			buildConfigurationList = 3AB80C8C1F2CF2E300F54F98 /* Build configuration list for PBXNativeTarget "Test" */;
			buildPhases = (
				EE97FE6F432A73FC9AB18AEF /* [CP] Check Pods Manifest.lock */,
				3AB80C731F2CF2E300F54F98 /* Sources */,
				3AB80C741F2CF2E300F54F98 /* Frameworks */,
				3AB80C751F2CF2E300F54F98 /* Resources */,
				034BFB640B6FE5EAAFBE00E0 /* [CP] Embed Pods Frameworks */,
				347DA5233719E2E6DA34A250 /* [CP] Copy Pods Resources */,
			);
			buildRules = (
			);
			dependencies = (
			);
			name = Test;
			productName = Test;
			productReference = 3AB80C771F2CF2E300F54F98 /* Test.app */;
			productType = "com.apple.product-type.application";
		};
/* End PBXNativeTarget section */

/* Begin PBXProject section */
		3AB80C6F1F2CF2E300F54F98 /* Project object */ = {
			isa = PBXProject;
			attributes = {
				LastSwiftUpdateCheck = 0830;
				LastUpgradeCheck = 0830;
				ORGANIZATIONNAME = HelloDoc;
				TargetAttributes = {
					3AB80C761F2CF2E300F54F98 = {
						CreatedOnToolsVersion = 8.3.3;
						DevelopmentTeam = PUF7FWMSKF;
						ProvisioningStyle = Automatic;
					};
				};
			};
			buildConfigurationList = 3AB80C721F2CF2E300F54F98 /* Build configuration list for PBXProject "Test" */;
			compatibilityVersion = "Xcode 3.2";
			developmentRegion = English;
			hasScannedForEncodings = 0;
			knownRegions = (
				en,
				Base,
			);
			mainGroup = 3AB80C6E1F2CF2E300F54F98;
			productRefGroup = 3AB80C781F2CF2E300F54F98 /* Products */;
			projectDirPath = "";
			projectRoot = "";
			targets = (
				3AB80C761F2CF2E300F54F98 /* Test */,
			);
		};
/* End PBXProject section */

/* Begin PBXResourcesBuildPhase section */
		3AB80C751F2CF2E300F54F98 /* Resources */ = {
			isa = PBXResourcesBuildPhase;
			buildActionMask = 2147483647;
			files = (
				3AB80C881F2CF2E300F54F98 /* LaunchScreen.storyboard in Resources */,
				3AB80C851F2CF2E300F54F98 /* Assets.xcassets in Resources */,
				3AB80CB51F2D94D900F54F98 /* NewsViewCell.xib in Resources */,
				3AB80C961F2CFD9900F54F98 /* ProgressCell.xib in Resources */,
				3AB80C801F2CF2E300F54F98 /* Main.storyboard in Resources */,
			);
			runOnlyForDeploymentPostprocessing = 0;
		};
/* End PBXResourcesBuildPhase section */

/* Begin PBXShellScriptBuildPhase section */
		034BFB640B6FE5EAAFBE00E0 /* [CP] Embed Pods Frameworks */ = {
			isa = PBXShellScriptBuildPhase;
			buildActionMask = 2147483647;
			files = (
			);
			inputPaths = (
			);
			name = "[CP] Embed Pods Frameworks";
			outputPaths = (
			);
			runOnlyForDeploymentPostprocessing = 0;
			shellPath = /bin/sh;
			shellScript = "\"${SRCROOT}/Pods/Target Support Files/Pods-Test/Pods-Test-frameworks.sh\"\n";
			showEnvVarsInLog = 0;
		};
		347DA5233719E2E6DA34A250 /* [CP] Copy Pods Resources */ = {
			isa = PBXShellScriptBuildPhase;
			buildActionMask = 2147483647;
			files = (
			);
			inputPaths = (
			);
			name = "[CP] Copy Pods Resources";
			outputPaths = (
			);
			runOnlyForDeploymentPostprocessing = 0;
			shellPath = /bin/sh;
			shellScript = "\"${SRCROOT}/Pods/Target Support Files/Pods-Test/Pods-Test-resources.sh\"\n";
			showEnvVarsInLog = 0;
		};
		EE97FE6F432A73FC9AB18AEF /* [CP] Check Pods Manifest.lock */ = {
			isa = PBXShellScriptBuildPhase;
			buildActionMask = 2147483647;
			files = (
			);
			inputPaths = (
			);
			name = "[CP] Check Pods Manifest.lock";
			outputPaths = (
			);
			runOnlyForDeploymentPostprocessing = 0;
			shellPath = /bin/sh;
			shellScript = "diff \"${PODS_PODFILE_DIR_PATH}/Podfile.lock\" \"${PODS_ROOT}/Manifest.lock\" > /dev/null\nif [ $? != 0 ] ; then\n    # print error to STDERR\n    echo \"error: The sandbox is not in sync with the Podfile.lock. Run 'pod install' or update your CocoaPods installation.\" >&2\n    exit 1\nfi\n";
			showEnvVarsInLog = 0;
		};
/* End PBXShellScriptBuildPhase section */

/* Begin PBXSourcesBuildPhase section */
		3AB80C731F2CF2E300F54F98 /* Sources */ = {
			isa = PBXSourcesBuildPhase;
			buildActionMask = 2147483647;
			files = (
				3AB80C7D1F2CF2E300F54F98 /* ViewController.swift in Sources */,
				3AB80CB11F2D8F0100F54F98 /* Constants.swift in Sources */,
				3AB80C7B1F2CF2E300F54F98 /* AppDelegate.swift in Sources */,
				3AB80CB41F2D94D900F54F98 /* NewsViewCell.swift in Sources */,
				3AB80CAC1F2D8C9100F54F98 /* Title.swift in Sources */,
				3AB80C921F2CFD1500F54F98 /* CirculerProgressView.swift in Sources */,
				3AB80CAF1F2D8D8100F54F98 /* LoadingHood.swift in Sources */,
				3AB80CAD1F2D8C9100F54F98 /* Url.swift in Sources */,
				3AB80CA71F2D8C9100F54F98 /* Author.swift in Sources */,
				3AB80CA81F2D8C9100F54F98 /* BaseModel.swift in Sources */,
				3AB80CAA1F2D8C9100F54F98 /* Hits.swift in Sources */,
				3AB80C991F2D078A00F54F98 /* CellTimerDataBucket.swift in Sources */,
				3AB80CA91F2D8C9100F54F98 /* HighlightResult.swift in Sources */,
				3AB80C9B1F2D18A800F54F98 /* Q2Constants.swift in Sources */,
				3AB80C9D1F2D868500F54F98 /* NewsViewController.swift in Sources */,
				3AB80CAB1F2D8C9100F54F98 /* StoryText.swift in Sources */,
				3AB80C951F2CFD9900F54F98 /* ProgressCell.swift in Sources */,
				3AB80C901F2CF70800F54F98 /* TableAnimatorController.swift in Sources */,
			);
			runOnlyForDeploymentPostprocessing = 0;
		};
/* End PBXSourcesBuildPhase section */

/* Begin PBXVariantGroup section */
		3AB80C7E1F2CF2E300F54F98 /* Main.storyboard */ = {
			isa = PBXVariantGroup;
			children = (
				3AB80C7F1F2CF2E300F54F98 /* Base */,
			);
			name = Main.storyboard;
			sourceTree = "<group>";
		};
		3AB80C861F2CF2E300F54F98 /* LaunchScreen.storyboard */ = {
			isa = PBXVariantGroup;
			children = (
				3AB80C871F2CF2E300F54F98 /* Base */,
			);
			name = LaunchScreen.storyboard;
			sourceTree = "<group>";
		};
/* End PBXVariantGroup section */

/* Begin XCBuildConfiguration section */
		3AB80C8A1F2CF2E300F54F98 /* Debug */ = {
			isa = XCBuildConfiguration;
			buildSettings = {
				ALWAYS_SEARCH_USER_PATHS = NO;
				CLANG_ANALYZER_NONNULL = YES;
				CLANG_ANALYZER_NUMBER_OBJECT_CONVERSION = YES_AGGRESSIVE;
				CLANG_CXX_LANGUAGE_STANDARD = "gnu++0x";
				CLANG_CXX_LIBRARY = "libc++";
				CLANG_ENABLE_MODULES = YES;
				CLANG_ENABLE_OBJC_ARC = YES;
				CLANG_WARN_BOOL_CONVERSION = YES;
				CLANG_WARN_CONSTANT_CONVERSION = YES;
				CLANG_WARN_DIRECT_OBJC_ISA_USAGE = YES_ERROR;
				CLANG_WARN_DOCUMENTATION_COMMENTS = YES;
				CLANG_WARN_EMPTY_BODY = YES;
				CLANG_WARN_ENUM_CONVERSION = YES;
				CLANG_WARN_INFINITE_RECURSION = YES;
				CLANG_WARN_INT_CONVERSION = YES;
				CLANG_WARN_OBJC_ROOT_CLASS = YES_ERROR;
				CLANG_WARN_SUSPICIOUS_MOVE = YES;
				CLANG_WARN_UNREACHABLE_CODE = YES;
				CLANG_WARN__DUPLICATE_METHOD_MATCH = YES;
				"CODE_SIGN_IDENTITY[sdk=iphoneos*]" = "iPhone Developer";
				COPY_PHASE_STRIP = NO;
				DEBUG_INFORMATION_FORMAT = dwarf;
				ENABLE_STRICT_OBJC_MSGSEND = YES;
				ENABLE_TESTABILITY = YES;
				GCC_C_LANGUAGE_STANDARD = gnu99;
				GCC_DYNAMIC_NO_PIC = NO;
				GCC_NO_COMMON_BLOCKS = YES;
				GCC_OPTIMIZATION_LEVEL = 0;
				GCC_PREPROCESSOR_DEFINITIONS = (
					"DEBUG=1",
					"$(inherited)",
				);
				GCC_WARN_64_TO_32_BIT_CONVERSION = YES;
				GCC_WARN_ABOUT_RETURN_TYPE = YES_ERROR;
				GCC_WARN_UNDECLARED_SELECTOR = YES;
				GCC_WARN_UNINITIALIZED_AUTOS = YES_AGGRESSIVE;
				GCC_WARN_UNUSED_FUNCTION = YES;
				GCC_WARN_UNUSED_VARIABLE = YES;
				IPHONEOS_DEPLOYMENT_TARGET = 10.3;
				MTL_ENABLE_DEBUG_INFO = YES;
				ONLY_ACTIVE_ARCH = YES;
				SDKROOT = iphoneos;
				SWIFT_ACTIVE_COMPILATION_CONDITIONS = DEBUG;
				SWIFT_OPTIMIZATION_LEVEL = "-Onone";
				TARGETED_DEVICE_FAMILY = "1,2";
			};
			name = Debug;
		};
		3AB80C8B1F2CF2E300F54F98 /* Release */ = {
			isa = XCBuildConfiguration;
			buildSettings = {
				ALWAYS_SEARCH_USER_PATHS = NO;
				CLANG_ANALYZER_NONNULL = YES;
				CLANG_ANALYZER_NUMBER_OBJECT_CONVERSION = YES_AGGRESSIVE;
				CLANG_CXX_LANGUAGE_STANDARD = "gnu++0x";
				CLANG_CXX_LIBRARY = "libc++";
				CLANG_ENABLE_MODULES = YES;
				CLANG_ENABLE_OBJC_ARC = YES;
				CLANG_WARN_BOOL_CONVERSION = YES;
				CLANG_WARN_CONSTANT_CONVERSION = YES;
				CLANG_WARN_DIRECT_OBJC_ISA_USAGE = YES_ERROR;
				CLANG_WARN_DOCUMENTATION_COMMENTS = YES;
				CLANG_WARN_EMPTY_BODY = YES;
				CLANG_WARN_ENUM_CONVERSION = YES;
				CLANG_WARN_INFINITE_RECURSION = YES;
				CLANG_WARN_INT_CONVERSION = YES;
				CLANG_WARN_OBJC_ROOT_CLASS = YES_ERROR;
				CLANG_WARN_SUSPICIOUS_MOVE = YES;
				CLANG_WARN_UNREACHABLE_CODE = YES;
				CLANG_WARN__DUPLICATE_METHOD_MATCH = YES;
				"CODE_SIGN_IDENTITY[sdk=iphoneos*]" = "iPhone Developer";
				COPY_PHASE_STRIP = NO;
				DEBUG_INFORMATION_FORMAT = "dwarf-with-dsym";
				ENABLE_NS_ASSERTIONS = NO;
				ENABLE_STRICT_OBJC_MSGSEND = YES;
				GCC_C_LANGUAGE_STANDARD = gnu99;
				GCC_NO_COMMON_BLOCKS = YES;
				GCC_WARN_64_TO_32_BIT_CONVERSION = YES;
				GCC_WARN_ABOUT_RETURN_TYPE = YES_ERROR;
				GCC_WARN_UNDECLARED_SELECTOR = YES;
				GCC_WARN_UNINITIALIZED_AUTOS = YES_AGGRESSIVE;
				GCC_WARN_UNUSED_FUNCTION = YES;
				GCC_WARN_UNUSED_VARIABLE = YES;
				IPHONEOS_DEPLOYMENT_TARGET = 10.3;
				MTL_ENABLE_DEBUG_INFO = NO;
				SDKROOT = iphoneos;
				SWIFT_OPTIMIZATION_LEVEL = "-Owholemodule";
				TARGETED_DEVICE_FAMILY = "1,2";
				VALIDATE_PRODUCT = YES;
			};
			name = Release;
		};
		3AB80C8D1F2CF2E300F54F98 /* Debug */ = {
			isa = XCBuildConfiguration;
			baseConfigurationReference = 3FF117D8A660CB3B626CD61A /* Pods-Test.debug.xcconfig */;
			buildSettings = {
				ASSETCATALOG_COMPILER_APPICON_NAME = AppIcon;
				DEVELOPMENT_TEAM = PUF7FWMSKF;
				INFOPLIST_FILE = Test/Info.plist;
				LD_RUNPATH_SEARCH_PATHS = "$(inherited) @executable_path/Frameworks";
				PRODUCT_BUNDLE_IDENTIFIER = com.iMessanger.Test;
				PRODUCT_NAME = "$(TARGET_NAME)";
				SWIFT_VERSION = 3.0;
			};
			name = Debug;
		};
		3AB80C8E1F2CF2E300F54F98 /* Release */ = {
			isa = XCBuildConfiguration;
			baseConfigurationReference = FA715B7013E33CD87651A0E6 /* Pods-Test.release.xcconfig */;
			buildSettings = {
				ASSETCATALOG_COMPILER_APPICON_NAME = AppIcon;
				DEVELOPMENT_TEAM = PUF7FWMSKF;
				INFOPLIST_FILE = Test/Info.plist;
				LD_RUNPATH_SEARCH_PATHS = "$(inherited) @executable_path/Frameworks";
				PRODUCT_BUNDLE_IDENTIFIER = com.iMessanger.Test;
				PRODUCT_NAME = "$(TARGET_NAME)";
				SWIFT_VERSION = 3.0;
			};
			name = Release;
		};
/* End XCBuildConfiguration section */

/* Begin XCConfigurationList section */
		3AB80C721F2CF2E300F54F98 /* Build configuration list for PBXProject "Test" */ = {
			isa = XCConfigurationList;
			buildConfigurations = (
				3AB80C8A1F2CF2E300F54F98 /* Debug */,
				3AB80C8B1F2CF2E300F54F98 /* Release */,
			);
			defaultConfigurationIsVisible = 0;
			defaultConfigurationName = Release;
		};
		3AB80C8C1F2CF2E300F54F98 /* Build configuration list for PBXNativeTarget "Test" */ = {
			isa = XCConfigurationList;
			buildConfigurations = (
				3AB80C8D1F2CF2E300F54F98 /* Debug */,
				3AB80C8E1F2CF2E300F54F98 /* Release */,
			);
			defaultConfigurationIsVisible = 0;
			defaultConfigurationName = Release;
		};
/* End XCConfigurationList section */
	};
	rootObject = 3AB80C6F1F2CF2E300F54F98 /* Project object */;
}
